// !$*UTF8*$!
{
	archiveVersion = 1;
	classes = {
	};
	objectVersion = 56;
	objects = {

/* Begin PBXBuildFile section */
		88A33E6628A260AE0003FE59 /* AppDelegate.swift in Sources */ = {isa = PBXBuildFile; fileRef = 88A33E6528A260AE0003FE59 /* AppDelegate.swift */; };
		88A33E6828A260AE0003FE59 /* SceneDelegate.swift in Sources */ = {isa = PBXBuildFile; fileRef = 88A33E6728A260AE0003FE59 /* SceneDelegate.swift */; };
		88A33E6A28A260AE0003FE59 /* MainVC.swift in Sources */ = {isa = PBXBuildFile; fileRef = 88A33E6928A260AE0003FE59 /* MainVC.swift */; };
		88A33E7228A260B30003FE59 /* LaunchScreen.storyboard in Resources */ = {isa = PBXBuildFile; fileRef = 88A33E7028A260B30003FE59 /* LaunchScreen.storyboard */; };
		88A33E8228A2680A0003FE59 /* CurrencyTxtField.swift in Sources */ = {isa = PBXBuildFile; fileRef = 88A33E8128A2680A0003FE59 /* CurrencyTxtField.swift */; };
		88A33E8A28A2B88A0003FE59 /* appTests.swift in Sources */ = {isa = PBXBuildFile; fileRef = 88A33E8928A2B88A0003FE59 /* appTests.swift */; };
		88A33E9228A2B8D00003FE59 /* Wage.swift in Sources */ = {isa = PBXBuildFile; fileRef = 88A33E9128A2B8D00003FE59 /* Wage.swift */; };
		88A33E9C28A3C2A10003FE59 /* BorderButton.swift in Sources */ = {isa = PBXBuildFile; fileRef = 88A33E9B28A3C2A10003FE59 /* BorderButton.swift */; };
		88C7863D28A66D3A00372EA0 /* Assets.xcassets in Resources */ = {isa = PBXBuildFile; fileRef = 88C7863C28A66D3900372EA0 /* Assets.xcassets */; };
		88E9810028A657E800CE09FC /* Main.storyboard in Resources */ = {isa = PBXBuildFile; fileRef = 88A33E6B28A260AE0003FE59 /* Main.storyboard */; };
/* End PBXBuildFile section */

/* Begin PBXContainerItemProxy section */
		88A33E8B28A2B88A0003FE59 /* PBXContainerItemProxy */ = {
			isa = PBXContainerItemProxy;
			containerPortal = 88A33E5A28A260AE0003FE59 /* Project object */;
			proxyType = 1;
			remoteGlobalIDString = 88A33E6128A260AE0003FE59;
			remoteInfo = app;
		};
/* End PBXContainerItemProxy section */

/* Begin PBXFileReference section */
		88A33E6228A260AE0003FE59 /* app.app */ = {isa = PBXFileReference; explicitFileType = wrapper.application; includeInIndex = 0; path = app.app; sourceTree = BUILT_PRODUCTS_DIR; };
		88A33E6528A260AE0003FE59 /* AppDelegate.swift */ = {isa = PBXFileReference; lastKnownFileType = sourcecode.swift; path = AppDelegate.swift; sourceTree = "<group>"; };
		88A33E6728A260AE0003FE59 /* SceneDelegate.swift */ = {isa = PBXFileReference; lastKnownFileType = sourcecode.swift; path = SceneDelegate.swift; sourceTree = "<group>"; };
		88A33E6928A260AE0003FE59 /* MainVC.swift */ = {isa = PBXFileReference; lastKnownFileType = sourcecode.swift; path = MainVC.swift; sourceTree = "<group>"; };
		88A33E6C28A260AE0003FE59 /* Base */ = {isa = PBXFileReference; lastKnownFileType = file.storyboard; name = Base; path = Base.lproj/Main.storyboard; sourceTree = "<group>"; };
		88A33E7128A260B30003FE59 /* Base */ = {isa = PBXFileReference; lastKnownFileType = file.storyboard; name = Base; path = Base.lproj/LaunchScreen.storyboard; sourceTree = "<group>"; };
		88A33E7328A260B30003FE59 /* Info.plist */ = {isa = PBXFileReference; lastKnownFileType = text.plist.xml; path = Info.plist; sourceTree = "<group>"; };
		88A33E8128A2680A0003FE59 /* CurrencyTxtField.swift */ = {isa = PBXFileReference; lastKnownFileType = sourcecode.swift; path = CurrencyTxtField.swift; sourceTree = "<group>"; };
		88A33E8728A2B88A0003FE59 /* appTests.xctest */ = {isa = PBXFileReference; explicitFileType = wrapper.cfbundle; includeInIndex = 0; path = appTests.xctest; sourceTree = BUILT_PRODUCTS_DIR; };
		88A33E8928A2B88A0003FE59 /* appTests.swift */ = {isa = PBXFileReference; lastKnownFileType = sourcecode.swift; path = appTests.swift; sourceTree = "<group>"; };
		88A33E9128A2B8D00003FE59 /* Wage.swift */ = {isa = PBXFileReference; lastKnownFileType = sourcecode.swift; path = Wage.swift; sourceTree = "<group>"; };
		88A33E9B28A3C2A10003FE59 /* BorderButton.swift */ = {isa = PBXFileReference; lastKnownFileType = sourcecode.swift; path = BorderButton.swift; sourceTree = "<group>"; };
		88C7863C28A66D3900372EA0 /* Assets.xcassets */ = {isa = PBXFileReference; lastKnownFileType = folder.assetcatalog; path = Assets.xcassets; sourceTree = "<group>"; };
/* End PBXFileReference section */

/* Begin PBXFrameworksBuildPhase section */
		88A33E5F28A260AE0003FE59 /* Frameworks */ = {
			isa = PBXFrameworksBuildPhase;
			buildActionMask = 2147483647;
			files = (
			);
			runOnlyForDeploymentPostprocessing = 0;
		};
		88A33E8428A2B88A0003FE59 /* Frameworks */ = {
			isa = PBXFrameworksBuildPhase;
			buildActionMask = 2147483647;
			files = (
			);
			runOnlyForDeploymentPostprocessing = 0;
		};
/* End PBXFrameworksBuildPhase section */

/* Begin PBXGroup section */
		88A33E5928A260AE0003FE59 = {
			isa = PBXGroup;
			children = (
				88A33E6428A260AE0003FE59 /* app */,
				88A33E8828A2B88A0003FE59 /* appTests */,
				88A33E6328A260AE0003FE59 /* Products */,
			);
			sourceTree = "<group>";
		};
		88A33E6328A260AE0003FE59 /* Products */ = {
			isa = PBXGroup;
			children = (
				88A33E6228A260AE0003FE59 /* app.app */,
				88A33E8728A2B88A0003FE59 /* appTests.xctest */,
			);
			name = Products;
			sourceTree = "<group>";
		};
		88A33E6428A260AE0003FE59 /* app */ = {
			isa = PBXGroup;
			children = (
				88A33E6928A260AE0003FE59 /* MainVC.swift */,
				88A33E9028A2B8B30003FE59 /* Model */,
				88A33E8028A267E30003FE59 /* Views */,
				88A33E6528A260AE0003FE59 /* AppDelegate.swift */,
				88A33E6728A260AE0003FE59 /* SceneDelegate.swift */,
				88A33E6B28A260AE0003FE59 /* Main.storyboard */,
				88C7863C28A66D3900372EA0 /* Assets.xcassets */,
				88A33E7028A260B30003FE59 /* LaunchScreen.storyboard */,
				88A33E7328A260B30003FE59 /* Info.plist */,
			);
			path = app;
			sourceTree = "<group>";
		};
		88A33E8028A267E30003FE59 /* Views */ = {
			isa = PBXGroup;
			children = (
				88A33E8128A2680A0003FE59 /* CurrencyTxtField.swift */,
				88A33E9B28A3C2A10003FE59 /* BorderButton.swift */,
			);
			path = Views;
			sourceTree = "<group>";
		};
		88A33E8828A2B88A0003FE59 /* appTests */ = {
			isa = PBXGroup;
			children = (
				88A33E8928A2B88A0003FE59 /* appTests.swift */,
			);
			path = appTests;
			sourceTree = "<group>";
		};
		88A33E9028A2B8B30003FE59 /* Model */ = {
			isa = PBXGroup;
			children = (
				88A33E9128A2B8D00003FE59 /* Wage.swift */,
			);
			path = Model;
			sourceTree = "<group>";
		};
/* End PBXGroup section */

/* Begin PBXNativeTarget section */
		88A33E6128A260AE0003FE59 /* app */ = {
			isa = PBXNativeTarget;
			buildConfigurationList = 88A33E7628A260B30003FE59 /* Build configuration list for PBXNativeTarget "app" */;
			buildPhases = (
				88A33E5E28A260AE0003FE59 /* Sources */,
				88A33E5F28A260AE0003FE59 /* Frameworks */,
				88A33E6028A260AE0003FE59 /* Resources */,
			);
			buildRules = (
			);
			dependencies = (
			);
			name = app;
			productName = app;
			productReference = 88A33E6228A260AE0003FE59 /* app.app */;
			productType = "com.apple.product-type.application";
		};
		88A33E8628A2B88A0003FE59 /* appTests */ = {
			isa = PBXNativeTarget;
			buildConfigurationList = 88A33E8D28A2B88A0003FE59 /* Build configuration list for PBXNativeTarget "appTests" */;
			buildPhases = (
				88A33E8328A2B88A0003FE59 /* Sources */,
				88A33E8428A2B88A0003FE59 /* Frameworks */,
				88A33E8528A2B88A0003FE59 /* Resources */,
			);
			buildRules = (
			);
			dependencies = (
				88A33E8C28A2B88A0003FE59 /* PBXTargetDependency */,
			);
			name = appTests;
			productName = appTests;
			productReference = 88A33E8728A2B88A0003FE59 /* appTests.xctest */;
			productType = "com.apple.product-type.bundle.unit-test";
		};
/* End PBXNativeTarget section */

/* Begin PBXProject section */
		88A33E5A28A260AE0003FE59 /* Project object */ = {
			isa = PBXProject;
			attributes = {
				BuildIndependentTargetsInParallel = 1;
				LastSwiftUpdateCheck = 1400;
				LastUpgradeCheck = 1400;
				TargetAttributes = {
					88A33E6128A260AE0003FE59 = {
						CreatedOnToolsVersion = 14.0;
					};
					88A33E8628A2B88A0003FE59 = {
						CreatedOnToolsVersion = 14.0;
						TestTargetID = 88A33E6128A260AE0003FE59;
					};
				};
			};
			buildConfigurationList = 88A33E5D28A260AE0003FE59 /* Build configuration list for PBXProject "app" */;
			compatibilityVersion = "Xcode 14.0";
			developmentRegion = en;
			hasScannedForEncodings = 0;
			knownRegions = (
				en,
				Base,
			);
			mainGroup = 88A33E5928A260AE0003FE59;
			productRefGroup = 88A33E6328A260AE0003FE59 /* Products */;
			projectDirPath = "";
			projectRoot = "";
			targets = (
				88A33E6128A260AE0003FE59 /* app */,
				88A33E8628A2B88A0003FE59 /* appTests */,
			);
		};
/* End PBXProject section */

/* Begin PBXResourcesBuildPhase section */
		88A33E6028A260AE0003FE59 /* Resources */ = {
			isa = PBXResourcesBuildPhase;
			buildActionMask = 2147483647;
			files = (
				88A33E7228A260B30003FE59 /* LaunchScreen.storyboard in Resources */,
				88C7863D28A66D3A00372EA0 /* Assets.xcassets in Resources */,
				88E9810028A657E800CE09FC /* Main.storyboard in Resources */,
			);
			runOnlyForDeploymentPostprocessing = 0;
		};
		88A33E8528A2B88A0003FE59 /* Resources */ = {
			isa = PBXResourcesBuildPhase;
			buildActionMask = 2147483647;
			files = (
			);
			runOnlyForDeploymentPostprocessing = 0;
		};
/* End PBXResourcesBuildPhase section */

/* Begin PBXSourcesBuildPhase section */
		88A33E5E28A260AE0003FE59 /* Sources */ = {
			isa = PBXSourcesBuildPhase;
			buildActionMask = 2147483647;
			files = (
				88A33E8228A2680A0003FE59 /* CurrencyTxtField.swift in Sources */,
				88A33E6A28A260AE0003FE59 /* MainVC.swift in Sources */,
				88A33E6628A260AE0003FE59 /* AppDelegate.swift in Sources */,
				88A33E6828A260AE0003FE59 /* SceneDelegate.swift in Sources */,
				88A33E9228A2B8D00003FE59 /* Wage.swift in Sources */,
				88A33E9C28A3C2A10003FE59 /* BorderButton.swift in Sources */,
			);
			runOnlyForDeploymentPostprocessing = 0;
		};
		88A33E8328A2B88A0003FE59 /* Sources */ = {
			isa = PBXSourcesBuildPhase;
			buildActionMask = 2147483647;
			files = (
				88A33E8A28A2B88A0003FE59 /* appTests.swift in Sources */,
			);
			runOnlyForDeploymentPostprocessing = 0;
		};
/* End PBXSourcesBuildPhase section */

/* Begin PBXTargetDependency section */
		88A33E8C28A2B88A0003FE59 /* PBXTargetDependency */ = {
			isa = PBXTargetDependency;
			target = 88A33E6128A260AE0003FE59 /* app */;
			targetProxy = 88A33E8B28A2B88A0003FE59 /* PBXContainerItemProxy */;
		};
/* End PBXTargetDependency section */

/* Begin PBXVariantGroup section */
		88A33E6B28A260AE0003FE59 /* Main.storyboard */ = {
			isa = PBXVariantGroup;
			children = (
				88A33E6C28A260AE0003FE59 /* Base */,
			);
			name = Main.storyboard;
			sourceTree = "<group>";
		};
		88A33E7028A260B30003FE59 /* LaunchScreen.storyboard */ = {
			isa = PBXVariantGroup;
			children = (
				88A33E7128A260B30003FE59 /* Base */,
			);
			name = LaunchScreen.storyboard;
			sourceTree = "<group>";
		};
/* End PBXVariantGroup section */

/* Begin XCBuildConfiguration section */
		88A33E7428A260B30003FE59 /* Debug */ = {
			isa = XCBuildConfiguration;
			buildSettings = {
				ALWAYS_SEARCH_USER_PATHS = NO;
				CLANG_ANALYZER_NONNULL = YES;
				CLANG_ANALYZER_NUMBER_OBJECT_CONVERSION = YES_AGGRESSIVE;
				CLANG_CXX_LANGUAGE_STANDARD = "gnu++20";
				CLANG_ENABLE_MODULES = YES;
				CLANG_ENABLE_OBJC_ARC = YES;
				CLANG_ENABLE_OBJC_WEAK = YES;
				CLANG_WARN_BLOCK_CAPTURE_AUTORELEASING = YES;
				CLANG_WARN_BOOL_CONVERSION = YES;
				CLANG_WARN_COMMA = YES;
				CLANG_WARN_CONSTANT_CONVERSION = YES;
				CLANG_WARN_DEPRECATED_OBJC_IMPLEMENTATIONS = YES;
				CLANG_WARN_DIRECT_OBJC_ISA_USAGE = YES_ERROR;
				CLANG_WARN_DOCUMENTATION_COMMENTS = YES;
				CLANG_WARN_EMPTY_BODY = YES;
				CLANG_WARN_ENUM_CONVERSION = YES;
				CLANG_WARN_INFINITE_RECURSION = YES;
				CLANG_WARN_INT_CONVERSION = YES;
				CLANG_WARN_NON_LITERAL_NULL_CONVERSION = YES;
				CLANG_WARN_OBJC_IMPLICIT_RETAIN_SELF = YES;
				CLANG_WARN_OBJC_LITERAL_CONVERSION = YES;
				CLANG_WARN_OBJC_ROOT_CLASS = YES_ERROR;
				CLANG_WARN_QUOTED_INCLUDE_IN_FRAMEWORK_HEADER = YES;
				CLANG_WARN_RANGE_LOOP_ANALYSIS = YES;
				CLANG_WARN_STRICT_PROTOTYPES = YES;
				CLANG_WARN_SUSPICIOUS_MOVE = YES;
				CLANG_WARN_UNGUARDED_AVAILABILITY = YES_AGGRESSIVE;
				CLANG_WARN_UNREACHABLE_CODE = YES;
				CLANG_WARN__DUPLICATE_METHOD_MATCH = YES;
				COPY_PHASE_STRIP = NO;
				DEBUG_INFORMATION_FORMAT = dwarf;
				ENABLE_STRICT_OBJC_MSGSEND = YES;
				ENABLE_TESTABILITY = YES;
				GCC_C_LANGUAGE_STANDARD = gnu11;
				GCC_DYNAMIC_NO_PIC = NO;
				GCC_NO_COMMON_BLOCKS = YES;
				GCC_OPTIMIZATION_LEVEL = 0;
				GCC_PREPROCESSOR_DEFINITIONS = (
					"DEBUG=1",
					"$(inherited)",
				);
				GCC_WARN_64_TO_32_BIT_CONVERSION = YES;
				GCC_WARN_ABOUT_RETURN_TYPE = YES_ERROR;
				GCC_WARN_UNDECLARED_SELECTOR = YES;
				GCC_WARN_UNINITIALIZED_AUTOS = YES_AGGRESSIVE;
				GCC_WARN_UNUSED_FUNCTION = YES;
				GCC_WARN_UNUSED_VARIABLE = YES;
				IPHONEOS_DEPLOYMENT_TARGET = 16.0;
				MTL_ENABLE_DEBUG_INFO = INCLUDE_SOURCE;
				MTL_FAST_MATH = YES;
				ONLY_ACTIVE_ARCH = YES;
				SDKROOT = iphoneos;
				SWIFT_ACTIVE_COMPILATION_CONDITIONS = DEBUG;
				SWIFT_OPTIMIZATION_LEVEL = "-Onone";
			};
			name = Debug;
		};
		88A33E7528A260B30003FE59 /* Release */ = {
			isa = XCBuildConfiguration;
			buildSettings = {
				ALWAYS_SEARCH_USER_PATHS = NO;
				CLANG_ANALYZER_NONNULL = YES;
				CLANG_ANALYZER_NUMBER_OBJECT_CONVERSION = YES_AGGRESSIVE;
				CLANG_CXX_LANGUAGE_STANDARD = "gnu++20";
				CLANG_ENABLE_MODULES = YES;
				CLANG_ENABLE_OBJC_ARC = YES;
				CLANG_ENABLE_OBJC_WEAK = YES;
				CLANG_WARN_BLOCK_CAPTURE_AUTORELEASING = YES;
				CLANG_WARN_BOOL_CONVERSION = YES;
				CLANG_WARN_COMMA = YES;
				CLANG_WARN_CONSTANT_CONVERSION = YES;
				CLANG_WARN_DEPRECATED_OBJC_IMPLEMENTATIONS = YES;
				CLANG_WARN_DIRECT_OBJC_ISA_USAGE = YES_ERROR;
				CLANG_WARN_DOCUMENTATION_COMMENTS = YES;
				CLANG_WARN_EMPTY_BODY = YES;
				CLANG_WARN_ENUM_CONVERSION = YES;
				CLANG_WARN_INFINITE_RECURSION = YES;
				CLANG_WARN_INT_CONVERSION = YES;
				CLANG_WARN_NON_LITERAL_NULL_CONVERSION = YES;
				CLANG_WARN_OBJC_IMPLICIT_RETAIN_SELF = YES;
				CLANG_WARN_OBJC_LITERAL_CONVERSION = YES;
				CLANG_WARN_OBJC_ROOT_CLASS = YES_ERROR;
				CLANG_WARN_QUOTED_INCLUDE_IN_FRAMEWORK_HEADER = YES;
				CLANG_WARN_RANGE_LOOP_ANALYSIS = YES;
				CLANG_WARN_STRICT_PROTOTYPES = YES;
				CLANG_WARN_SUSPICIOUS_MOVE = YES;
				CLANG_WARN_UNGUARDED_AVAILABILITY = YES_AGGRESSIVE;
				CLANG_WARN_UNREACHABLE_CODE = YES;
				CLANG_WARN__DUPLICATE_METHOD_MATCH = YES;
				COPY_PHASE_STRIP = NO;
				DEBUG_INFORMATION_FORMAT = "dwarf-with-dsym";
				ENABLE_NS_ASSERTIONS = NO;
				ENABLE_STRICT_OBJC_MSGSEND = YES;
				GCC_C_LANGUAGE_STANDARD = gnu11;
				GCC_NO_COMMON_BLOCKS = YES;
				GCC_WARN_64_TO_32_BIT_CONVERSION = YES;
				GCC_WARN_ABOUT_RETURN_TYPE = YES_ERROR;
				GCC_WARN_UNDECLARED_SELECTOR = YES;
				GCC_WARN_UNINITIALIZED_AUTOS = YES_AGGRESSIVE;
				GCC_WARN_UNUSED_FUNCTION = YES;
				GCC_WARN_UNUSED_VARIABLE = YES;
				IPHONEOS_DEPLOYMENT_TARGET = 16.0;
				MTL_ENABLE_DEBUG_INFO = NO;
				MTL_FAST_MATH = YES;
				SDKROOT = iphoneos;
				SWIFT_COMPILATION_MODE = wholemodule;
				SWIFT_OPTIMIZATION_LEVEL = "-O";
				VALIDATE_PRODUCT = YES;
			};
			name = Release;
		};
		88A33E7728A260B30003FE59 /* Debug */ = {
			isa = XCBuildConfiguration;
			buildSettings = {
				ASSETCATALOG_COMPILER_APPICON_NAME = AppIcon;
				ASSETCATALOG_COMPILER_GLOBAL_ACCENT_COLOR_NAME = AccentColor;
				CODE_SIGN_STYLE = Automatic;
				CURRENT_PROJECT_VERSION = 1;
				DEVELOPMENT_TEAM = 79KD6B62HP;
				GENERATE_INFOPLIST_FILE = YES;
				INFOPLIST_FILE = app/Info.plist;
				INFOPLIST_KEY_UIApplicationSupportsIndirectInputEvents = YES;
				INFOPLIST_KEY_UILaunchStoryboardName = LaunchScreen;
				INFOPLIST_KEY_UIMainStoryboardFile = Main;
				INFOPLIST_KEY_UISupportedInterfaceOrientations_iPad = "UIInterfaceOrientationPortrait UIInterfaceOrientationPortraitUpsideDown UIInterfaceOrientationLandscapeLeft UIInterfaceOrientationLandscapeRight";
				INFOPLIST_KEY_UISupportedInterfaceOrientations_iPhone = "UIInterfaceOrientationPortrait UIInterfaceOrientationLandscapeLeft UIInterfaceOrientationLandscapeRight";
				LD_RUNPATH_SEARCH_PATHS = (
					"$(inherited)",
					"@executable_path/Frameworks",
				);
				MARKETING_VERSION = 1.0;
				PRODUCT_BUNDLE_IDENTIFIER = Hesam.app;
				PRODUCT_NAME = "$(TARGET_NAME)";
				SWIFT_EMIT_LOC_STRINGS = YES;
				SWIFT_VERSION = 5.0;
				TARGETED_DEVICE_FAMILY = "1,2";
			};
			name = Debug;
		};
		88A33E7828A260B30003FE59 /* Release */ = {
			isa = XCBuildConfiguration;
			buildSettings = {
				ASSETCATALOG_COMPILER_APPICON_NAME = AppIcon;
				ASSETCATALOG_COMPILER_GLOBAL_ACCENT_COLOR_NAME = AccentColor;
				CODE_SIGN_STYLE = Automatic;
				CURRENT_PROJECT_VERSION = 1;
				DEVELOPMENT_TEAM = 79KD6B62HP;
				GENERATE_INFOPLIST_FILE = YES;
				INFOPLIST_FILE = app/Info.plist;
				INFOPLIST_KEY_UIApplicationSupportsIndirectInputEvents = YES;
				INFOPLIST_KEY_UILaunchStoryboardName = LaunchScreen;
				INFOPLIST_KEY_UIMainStoryboardFile = Main;
				INFOPLIST_KEY_UISupportedInterfaceOrientations_iPad = "UIInterfaceOrientationPortrait UIInterfaceOrientationPortraitUpsideDown UIInterfaceOrientationLandscapeLeft UIInterfaceOrientationLandscapeRight";
				INFOPLIST_KEY_UISupportedInterfaceOrientations_iPhone = "UIInterfaceOrientationPortrait UIInterfaceOrientationLandscapeLeft UIInterfaceOrientationLandscapeRight";
				LD_RUNPATH_SEARCH_PATHS = (
					"$(inherited)",
					"@executable_path/Frameworks",
				);
				MARKETING_VERSION = 1.0;
				PRODUCT_BUNDLE_IDENTIFIER = Hesam.app;
				PRODUCT_NAME = "$(TARGET_NAME)";
				SWIFT_EMIT_LOC_STRINGS = YES;
				SWIFT_VERSION = 5.0;
				TARGETED_DEVICE_FAMILY = "1,2";
			};
			name = Release;
		};
		88A33E8E28A2B88A0003FE59 /* Debug */ = {
			isa = XCBuildConfiguration;
			buildSettings = {
				ASSETCATALOG_COMPILER_APPICON_NAME = AppIcon;
				BUNDLE_LOADER = "$(TEST_HOST)";
				CODE_SIGN_STYLE = Automatic;
				CURRENT_PROJECT_VERSION = 1;
				DEVELOPMENT_TEAM = 79KD6B62HP;
				GENERATE_INFOPLIST_FILE = YES;
				MARKETING_VERSION = 1.0;
				PRODUCT_BUNDLE_IDENTIFIER = Hesam.appTests;
				PRODUCT_NAME = "$(TARGET_NAME)";
				SWIFT_EMIT_LOC_STRINGS = NO;
				SWIFT_VERSION = 5.0;
				TARGETED_DEVICE_FAMILY = "1,2";
				TEST_HOST = "$(BUILT_PRODUCTS_DIR)/app.app/$(BUNDLE_EXECUTABLE_FOLDER_PATH)/app";
			};
			name = Debug;
		};
		88A33E8F28A2B88A0003FE59 /* Release */ = {
			isa = XCBuildConfiguration;
			buildSettings = {
				ASSETCATALOG_COMPILER_APPICON_NAME = AppIcon;
				BUNDLE_LOADER = "$(TEST_HOST)";
				CODE_SIGN_STYLE = Automatic;
				CURRENT_PROJECT_VERSION = 1;
				DEVELOPMENT_TEAM = 79KD6B62HP;
				GENERATE_INFOPLIST_FILE = YES;
				MARKETING_VERSION = 1.0;
				PRODUCT_BUNDLE_IDENTIFIER = Hesam.appTests;
				PRODUCT_NAME = "$(TARGET_NAME)";
				SWIFT_EMIT_LOC_STRINGS = NO;
				SWIFT_VERSION = 5.0;
				TARGETED_DEVICE_FAMILY = "1,2";
				TEST_HOST = "$(BUILT_PRODUCTS_DIR)/app.app/$(BUNDLE_EXECUTABLE_FOLDER_PATH)/app";
			};
			name = Release;
		};
/* End XCBuildConfiguration section */

/* Begin XCConfigurationList section */
		88A33E5D28A260AE0003FE59 /* Build configuration list for PBXProject "app" */ = {
			isa = XCConfigurationList;
			buildConfigurations = (
				88A33E7428A260B30003FE59 /* Debug */,
				88A33E7528A260B30003FE59 /* Release */,
			);
			defaultConfigurationIsVisible = 0;
			defaultConfigurationName = Release;
		};
		88A33E7628A260B30003FE59 /* Build configuration list for PBXNativeTarget "app" */ = {
			isa = XCConfigurationList;
			buildConfigurations = (
				88A33E7728A260B30003FE59 /* Debug */,
				88A33E7828A260B30003FE59 /* Release */,
			);
			defaultConfigurationIsVisible = 0;
			defaultConfigurationName = Release;
		};
		88A33E8D28A2B88A0003FE59 /* Build configuration list for PBXNativeTarget "appTests" */ = {
			isa = XCConfigurationList;
			buildConfigurations = (
				88A33E8E28A2B88A0003FE59 /* Debug */,
				88A33E8F28A2B88A0003FE59 /* Release */,
			);
			defaultConfigurationIsVisible = 0;
			defaultConfigurationName = Release;
		};
/* End XCConfigurationList section */
	};
	rootObject = 88A33E5A28A260AE0003FE59 /* Project object */;
}
